
Microsoft Visual Studio Solution File, Format Version 12.00
# Visual Studio Version 17
VisualStudioVersion = 17.10.35201.131
MinimumVisualStudioVersion = 10.0.40219.1
Project("{9A19103F-16F7-4668-BE54-9A1E7A4F7556}") = "ArgusService", "ArgusService\ArgusService.csproj", "{57E872EB-4433-4385-A05D-3DA4F56969C0}"
EndProject
Project("{FAE04EC0-301F-11D3-BF4B-00C04F79EFBC}") = "ArgusService-UnitTest", "ArgusService-UnitTest\ArgusService-UnitTest.csproj", "{28EBFCFD-832D-4EFB-A438-BB08A83FB4F9}"
EndProject
Global
	GlobalSection(SolutionConfigurationPlatforms) = preSolution
		Debug|Any CPU = Debug|Any CPU
		Release|Any CPU = Release|Any CPU
	EndGlobalSection
	GlobalSection(ProjectConfigurationPlatforms) = postSolution
		{57E872EB-4433-4385-A05D-3DA4F56969C0}.Debug|Any CPU.ActiveCfg = Debug|Any CPU
		{57E872EB-4433-4385-A05D-3DA4F56969C0}.Debug|Any CPU.Build.0 = Debug|Any CPU
		{57E872EB-4433-4385-A05D-3DA4F56969C0}.Release|Any CPU.ActiveCfg = Release|Any CPU
		{57E872EB-4433-4385-A05D-3DA4F56969C0}.Release|Any CPU.Build.0 = Release|Any CPU
		{28EBFCFD-832D-4EFB-A438-BB08A83FB4F9}.Debug|Any CPU.ActiveCfg = Debug|Any CPU
		{28EBFCFD-832D-4EFB-A438-BB08A83FB4F9}.Debug|Any CPU.Build.0 = Debug|Any CPU
		{28EBFCFD-832D-4EFB-A438-BB08A83FB4F9}.Release|Any CPU.ActiveCfg = Release|Any CPU
		{28EBFCFD-832D-4EFB-A438-BB08A83FB4F9}.Release|Any CPU.Build.0 = Release|Any CPU
	EndGlobalSection
	GlobalSection(SolutionProperties) = preSolution
		HideSolutionNode = FALSE
	EndGlobalSection
	GlobalSection(ExtensibilityGlobals) = postSolution
		SolutionGuid = {6FD9A27A-4021-429C-B18C-D6B5D851B3B1}
	EndGlobalSection
EndGlobal
